// !$*UTF8*$!
{
	archiveVersion = 1;
	classes = {
	};
	objectVersion = 46;
	objects = {

/* Begin PBXBuildFile section */
		3D13DB7D15727A260024677D /* just_background.png in Resources */ = {isa = PBXBuildFile; fileRef = 3D13DB7B15727A260024677D /* just_background.png */; };
		3D13DB7E15727A260024677D /* just_background@2x.png in Resources */ = {isa = PBXBuildFile; fileRef = 3D13DB7C15727A260024677D /* just_background@2x.png */; };
		3D1AC073157E3F3F001C7AFA /* PAWActivityView.m in Sources */ = {isa = PBXBuildFile; fileRef = 3D1AC064157E3F3F001C7AFA /* PAWActivityView.m */; };
		3D1AC074157E3F3F001C7AFA /* PAWCircleView.m in Sources */ = {isa = PBXBuildFile; fileRef = 3D1AC066157E3F3F001C7AFA /* PAWCircleView.m */; };
		3D1AC075157E3F3F001C7AFA /* PAWPost.m in Sources */ = {isa = PBXBuildFile; fileRef = 3D1AC068157E3F3F001C7AFA /* PAWPost.m */; };
		3D1AC076157E3F3F001C7AFA /* PAWSearchRadius.m in Sources */ = {isa = PBXBuildFile; fileRef = 3D1AC06A157E3F3F001C7AFA /* PAWSearchRadius.m */; };
		3D1AC077157E3F3F001C7AFA /* PAWWallPostCreateViewController.m in Sources */ = {isa = PBXBuildFile; fileRef = 3D1AC06C157E3F3F001C7AFA /* PAWWallPostCreateViewController.m */; };
		3D1AC078157E3F3F001C7AFA /* PAWWallPostCreateViewController.xib in Resources */ = {isa = PBXBuildFile; fileRef = 3D1AC06D157E3F3F001C7AFA /* PAWWallPostCreateViewController.xib */; };
		3D1AC079157E3F3F001C7AFA /* PAWWallPostsTableViewController.m in Sources */ = {isa = PBXBuildFile; fileRef = 3D1AC06F157E3F3F001C7AFA /* PAWWallPostsTableViewController.m */; };
		3D1AC07A157E3F3F001C7AFA /* PAWWallViewController.m in Sources */ = {isa = PBXBuildFile; fileRef = 3D1AC071157E3F3F001C7AFA /* PAWWallViewController.m */; };
		3D1AC07B157E3F3F001C7AFA /* PAWWallViewController.xib in Resources */ = {isa = PBXBuildFile; fileRef = 3D1AC072157E3F3F001C7AFA /* PAWWallViewController.xib */; };
		3D1AC07F157E42F4001C7AFA /* PAWSettingsViewController.m in Sources */ = {isa = PBXBuildFile; fileRef = 3D1AC07D157E42F3001C7AFA /* PAWSettingsViewController.m */; };
		3D1AC080157E42F4001C7AFA /* PAWSettingsViewController.xib in Resources */ = {isa = PBXBuildFile; fileRef = 3D1AC07E157E42F4001C7AFA /* PAWSettingsViewController.xib */; };
		3D7FF8C6156FC88400AC87E5 /* CoreLocation.framework in Frameworks */ = {isa = PBXBuildFile; fileRef = 3D7FF8C5156FC88400AC87E5 /* CoreLocation.framework */; };
		3D7FF8C8156FC89800AC87E5 /* MapKit.framework in Frameworks */ = {isa = PBXBuildFile; fileRef = 3D7FF8C7156FC89800AC87E5 /* MapKit.framework */; };
		3D9E685E157F61BB00B0AD33 /* Foundation.framework in Frameworks */ = {isa = PBXBuildFile; fileRef = 3DF21EB6156EC8600093A763 /* Foundation.framework */; };
		3DB8DE90156F7AD6007CA7E6 /* Messages.png in Resources */ = {isa = PBXBuildFile; fileRef = 3DB8DE8F156F7AD6007CA7E6 /* Messages.png */; };
		3DB8DE94156F8839007CA7E6 /* Appirater.m in Sources */ = {isa = PBXBuildFile; fileRef = 3DB8DE93156F8839007CA7E6 /* Appirater.m */; settings = {COMPILER_FLAGS = "-fno-objc-arc"; }; };
		3DF21EB5156EC8600093A763 /* UIKit.framework in Frameworks */ = {isa = PBXBuildFile; fileRef = 3DF21EB4156EC8600093A763 /* UIKit.framework */; };
		3DF21EB9156EC8600093A763 /* CoreGraphics.framework in Frameworks */ = {isa = PBXBuildFile; fileRef = 3DF21EB8156EC8600093A763 /* CoreGraphics.framework */; };
		3DF21EBF156EC8600093A763 /* InfoPlist.strings in Resources */ = {isa = PBXBuildFile; fileRef = 3DF21EBD156EC8600093A763 /* InfoPlist.strings */; };
		3DF21EC1156EC8600093A763 /* main.m in Sources */ = {isa = PBXBuildFile; fileRef = 3DF21EC0156EC8600093A763 /* main.m */; settings = {COMPILER_FLAGS = "-fno-objc-arc"; }; };
		3DF21EDA156EC88B0093A763 /* Parse.framework in Frameworks */ = {isa = PBXBuildFile; fileRef = 3DF21ED9156EC88B0093A763 /* Parse.framework */; };
		3DF21EDC156EC89D0093A763 /* AudioToolbox.framework in Frameworks */ = {isa = PBXBuildFile; fileRef = 3DF21EDB156EC89D0093A763 /* AudioToolbox.framework */; };
		3DF21EDF156EC8A50093A763 /* MobileCoreServices.framework in Frameworks */ = {isa = PBXBuildFile; fileRef = 3DF21EDD156EC8A50093A763 /* MobileCoreServices.framework */; };
		3DF21EE0156EC8A50093A763 /* Security.framework in Frameworks */ = {isa = PBXBuildFile; fileRef = 3DF21EDE156EC8A50093A763 /* Security.framework */; };
		3DF21EE2156EC8AB0093A763 /* SystemConfiguration.framework in Frameworks */ = {isa = PBXBuildFile; fileRef = 3DF21EE1156EC8AB0093A763 /* SystemConfiguration.framework */; };
		3DF21EE4156EC8B30093A763 /* libz.1.1.3.dylib in Frameworks */ = {isa = PBXBuildFile; fileRef = 3DF21EE3156EC8B30093A763 /* libz.1.1.3.dylib */; };
		3DF21EE6156EC8C20093A763 /* CFNetwork.framework in Frameworks */ = {isa = PBXBuildFile; fileRef = 3DF21EE5156EC8C20093A763 /* CFNetwork.framework */; };
		3DF21EE8156EC8CC0093A763 /* QuartzCore.framework in Frameworks */ = {isa = PBXBuildFile; fileRef = 3DF21EE7156EC8CC0093A763 /* QuartzCore.framework */; };
		3DF21EEE156ECB790093A763 /* AppDelegate.m in Sources */ = {isa = PBXBuildFile; fileRef = 3DF21EED156ECB790093A763 /* AppDelegate.m */; };
		3DF21F00156ED79A0093A763 /* LoginController.m in Sources */ = {isa = PBXBuildFile; fileRef = 3DF21EFF156ED79A0093A763 /* LoginController.m */; settings = {COMPILER_FLAGS = "-fno-objc-arc"; }; };
		3DF21F14156EE31D0093A763 /* aforismi@2x.png in Resources */ = {isa = PBXBuildFile; fileRef = 3DF21F04156EE31D0093A763 /* aforismi@2x.png */; };
		3DF21F15156EE31D0093A763 /* berlusconi@2x.png in Resources */ = {isa = PBXBuildFile; fileRef = 3DF21F05156EE31D0093A763 /* berlusconi@2x.png */; };
		3DF21F16156EE31D0093A763 /* BizQuote@2x.png in Resources */ = {isa = PBXBuildFile; fileRef = 3DF21F06156EE31D0093A763 /* BizQuote@2x.png */; };
		3DF21F17156EE31D0093A763 /* bmi@2x.png in Resources */ = {isa = PBXBuildFile; fileRef = 3DF21F07156EE31D0093A763 /* bmi@2x.png */; };
		3DF21F18156EE31D0093A763 /* Che@2x.png in Resources */ = {isa = PBXBuildFile; fileRef = 3DF21F08156EE31D0093A763 /* Che@2x.png */; };
		3DF21F19156EE31D0093A763 /* einstein@2x.png in Resources */ = {isa = PBXBuildFile; fileRef = 3DF21F09156EE31D0093A763 /* einstein@2x.png */; };
		3DF21F1A156EE31D0093A763 /* gandhi@2x.png in Resources */ = {isa = PBXBuildFile; fileRef = 3DF21F0A156EE31D0093A763 /* gandhi@2x.png */; };
		3DF21F1B156EE31D0093A763 /* Golf@2x.png in Resources */ = {isa = PBXBuildFile; fileRef = 3DF21F0B156EE31D0093A763 /* Golf@2x.png */; };
		3DF21F1C156EE31D0093A763 /* lincoln@2x.png in Resources */ = {isa = PBXBuildFile; fileRef = 3DF21F0C156EE31D0093A763 /* lincoln@2x.png */; };
		3DF21F1D156EE31D0093A763 /* morra@2x.png in Resources */ = {isa = PBXBuildFile; fileRef = 3DF21F0D156EE31D0093A763 /* morra@2x.png */; };
		3DF21F1E156EE31D0093A763 /* mourinho@2x.png in Resources */ = {isa = PBXBuildFile; fileRef = 3DF21F0E156EE31D0093A763 /* mourinho@2x.png */; };
		3DF21F1F156EE31D0093A763 /* Murphy@2x.png in Resources */ = {isa = PBXBuildFile; fileRef = 3DF21F0F156EE31D0093A763 /* Murphy@2x.png */; };
		3DF21F20156EE31D0093A763 /* obama@2x.png in Resources */ = {isa = PBXBuildFile; fileRef = 3DF21F10156EE31D0093A763 /* obama@2x.png */; };
		3DF21F21156EE31D0093A763 /* washington@2x.png in Resources */ = {isa = PBXBuildFile; fileRef = 3DF21F11156EE31D0093A763 /* washington@2x.png */; };
		3DF21F22156EE31D0093A763 /* wilde@2x.png in Resources */ = {isa = PBXBuildFile; fileRef = 3DF21F12156EE31D0093A763 /* wilde@2x.png */; };
		3DF21F23156EE31D0093A763 /* woitila@2x.png in Resources */ = {isa = PBXBuildFile; fileRef = 3DF21F13156EE31D0093A763 /* woitila@2x.png */; };
		3DF21F36156EE3290093A763 /* aforismi.png in Resources */ = {isa = PBXBuildFile; fileRef = 3DF21F25156EE3290093A763 /* aforismi.png */; };
		3DF21F37156EE3290093A763 /* berlusconi.png in Resources */ = {isa = PBXBuildFile; fileRef = 3DF21F26156EE3290093A763 /* berlusconi.png */; };
		3DF21F38156EE3290093A763 /* BizQuote.png in Resources */ = {isa = PBXBuildFile; fileRef = 3DF21F27156EE3290093A763 /* BizQuote.png */; };
		3DF21F39156EE3290093A763 /* bmi.png in Resources */ = {isa = PBXBuildFile; fileRef = 3DF21F28156EE3290093A763 /* bmi.png */; };
		3DF21F3A156EE3290093A763 /* Che.png in Resources */ = {isa = PBXBuildFile; fileRef = 3DF21F29156EE3290093A763 /* Che.png */; };
		3DF21F3B156EE3290093A763 /* einstein.png in Resources */ = {isa = PBXBuildFile; fileRef = 3DF21F2A156EE3290093A763 /* einstein.png */; };
		3DF21F3C156EE3290093A763 /* gandhi.png in Resources */ = {isa = PBXBuildFile; fileRef = 3DF21F2B156EE3290093A763 /* gandhi.png */; };
		3DF21F3D156EE3290093A763 /* Golf.png in Resources */ = {isa = PBXBuildFile; fileRef = 3DF21F2C156EE3290093A763 /* Golf.png */; };
		3DF21F3E156EE3290093A763 /* lincoln.png in Resources */ = {isa = PBXBuildFile; fileRef = 3DF21F2D156EE3290093A763 /* lincoln.png */; };
		3DF21F3F156EE3290093A763 /* morra.png in Resources */ = {isa = PBXBuildFile; fileRef = 3DF21F2E156EE3290093A763 /* morra.png */; };
		3DF21F40156EE3290093A763 /* mourinho.png in Resources */ = {isa = PBXBuildFile; fileRef = 3DF21F2F156EE3290093A763 /* mourinho.png */; };
		3DF21F41156EE3290093A763 /* Murphy.png in Resources */ = {isa = PBXBuildFile; fileRef = 3DF21F30156EE3290093A763 /* Murphy.png */; };
		3DF21F42156EE3290093A763 /* obama.png in Resources */ = {isa = PBXBuildFile; fileRef = 3DF21F31156EE3290093A763 /* obama.png */; };
		3DF21F43156EE3290093A763 /* paridispari.png in Resources */ = {isa = PBXBuildFile; fileRef = 3DF21F32156EE3290093A763 /* paridispari.png */; };
		3DF21F44156EE3290093A763 /* washington.png in Resources */ = {isa = PBXBuildFile; fileRef = 3DF21F33156EE3290093A763 /* washington.png */; };
		3DF21F45156EE3290093A763 /* wilde.png in Resources */ = {isa = PBXBuildFile; fileRef = 3DF21F34156EE3290093A763 /* wilde.png */; };
		3DF21F46156EE3290093A763 /* woitila.png in Resources */ = {isa = PBXBuildFile; fileRef = 3DF21F35156EE3290093A763 /* woitila.png */; };
		3DF21F85156EED780093A763 /* NICommonMetrics.m in Sources */ = {isa = PBXBuildFile; fileRef = 3DF21F59156EED780093A763 /* NICommonMetrics.m */; settings = {COMPILER_FLAGS = "-fno-objc-arc"; }; };
		3DF21F86156EED780093A763 /* NIDataStructures.m in Sources */ = {isa = PBXBuildFile; fileRef = 3DF21F5B156EED780093A763 /* NIDataStructures.m */; settings = {COMPILER_FLAGS = "-fno-objc-arc"; }; };
		3DF21F87156EED780093A763 /* NIDebuggingTools.m in Sources */ = {isa = PBXBuildFile; fileRef = 3DF21F5D156EED780093A763 /* NIDebuggingTools.m */; settings = {COMPILER_FLAGS = "-fno-objc-arc"; }; };
		3DF21F88156EED780093A763 /* NIDeviceOrientation.m in Sources */ = {isa = PBXBuildFile; fileRef = 3DF21F5F156EED780093A763 /* NIDeviceOrientation.m */; settings = {COMPILER_FLAGS = "-fno-objc-arc"; }; };
		3DF21F89156EED780093A763 /* NIError.m in Sources */ = {isa = PBXBuildFile; fileRef = 3DF21F61156EED780093A763 /* NIError.m */; settings = {COMPILER_FLAGS = "-fno-objc-arc"; }; };
		3DF21F8A156EED780093A763 /* NIFoundationMethods.m in Sources */ = {isa = PBXBuildFile; fileRef = 3DF21F63156EED780093A763 /* NIFoundationMethods.m */; settings = {COMPILER_FLAGS = "-fno-objc-arc"; }; };
		3DF21F8B156EED780093A763 /* NIInMemoryCache.m in Sources */ = {isa = PBXBuildFile; fileRef = 3DF21F65156EED780093A763 /* NIInMemoryCache.m */; settings = {COMPILER_FLAGS = "-fno-objc-arc"; }; };
		3DF21F8C156EED780093A763 /* NINavigationAppearance.m in Sources */ = {isa = PBXBuildFile; fileRef = 3DF21F6A156EED780093A763 /* NINavigationAppearance.m */; settings = {COMPILER_FLAGS = "-fno-objc-arc"; }; };
		3DF21F8D156EED780093A763 /* NINetworkActivity.m in Sources */ = {isa = PBXBuildFile; fileRef = 3DF21F6C156EED780093A763 /* NINetworkActivity.m */; settings = {COMPILER_FLAGS = "-fno-objc-arc"; }; };
		3DF21F8E156EED780093A763 /* NINonEmptyCollectionTesting.m in Sources */ = {isa = PBXBuildFile; fileRef = 3DF21F6E156EED780093A763 /* NINonEmptyCollectionTesting.m */; settings = {COMPILER_FLAGS = "-fno-objc-arc"; }; };
		3DF21F8F156EED780093A763 /* NINonRetainingCollections.m in Sources */ = {isa = PBXBuildFile; fileRef = 3DF21F70156EED780093A763 /* NINonRetainingCollections.m */; settings = {COMPILER_FLAGS = "-fno-objc-arc"; }; };
		3DF21F90156EED780093A763 /* NIOperations.m in Sources */ = {isa = PBXBuildFile; fileRef = 3DF21F72156EED780093A763 /* NIOperations.m */; settings = {COMPILER_FLAGS = "-fno-objc-arc"; }; };
		3DF21F91156EED780093A763 /* NIPaths.m in Sources */ = {isa = PBXBuildFile; fileRef = 3DF21F75156EED780093A763 /* NIPaths.m */; settings = {COMPILER_FLAGS = "-fno-objc-arc"; }; };
		3DF21F92156EED780093A763 /* NIRuntimeClassModifications.m in Sources */ = {isa = PBXBuildFile; fileRef = 3DF21F78156EED780093A763 /* NIRuntimeClassModifications.m */; settings = {COMPILER_FLAGS = "-fno-objc-arc"; }; };
		3DF21F93156EED780093A763 /* NISDKAvailability.m in Sources */ = {isa = PBXBuildFile; fileRef = 3DF21F7A156EED780093A763 /* NISDKAvailability.m */; settings = {COMPILER_FLAGS = "-fno-objc-arc"; }; };
		3DF21F94156EED780093A763 /* NIState.m in Sources */ = {isa = PBXBuildFile; fileRef = 3DF21F7C156EED780093A763 /* NIState.m */; settings = {COMPILER_FLAGS = "-fno-objc-arc"; }; };
		3DF21F95156EED780093A763 /* NIViewRecycler.m in Sources */ = {isa = PBXBuildFile; fileRef = 3DF21F7E156EED780093A763 /* NIViewRecycler.m */; settings = {COMPILER_FLAGS = "-fno-objc-arc"; }; };
		3DF21F96156EED780093A763 /* NSData+NimbusCore.m in Sources */ = {isa = PBXBuildFile; fileRef = 3DF21F80156EED780093A763 /* NSData+NimbusCore.m */; settings = {COMPILER_FLAGS = "-fno-objc-arc"; }; };
		3DF21F97156EED780093A763 /* NSString+NimbusCore.m in Sources */ = {isa = PBXBuildFile; fileRef = 3DF21F82156EED780093A763 /* NSString+NimbusCore.m */; settings = {COMPILER_FLAGS = "-fno-objc-arc"; }; };
		3DF21F98156EED780093A763 /* UIView+NimbusCore.m in Sources */ = {isa = PBXBuildFile; fileRef = 3DF21F84156EED780093A763 /* UIView+NimbusCore.m */; settings = {COMPILER_FLAGS = "-fno-objc-arc"; }; };
		3DF21FA5156F6DBE0093A763 /* dati.plist in Resources */ = {isa = PBXBuildFile; fileRef = 3DF21FA4156F6DBE0093A763 /* dati.plist */; };
		3DF21FA6156F725E0093A763 /* CaricaDati.m in Sources */ = {isa = PBXBuildFile; fileRef = 3DF21FA3156F6D040093A763 /* CaricaDati.m */; settings = {COMPILER_FLAGS = "-fno-objc-arc"; }; };
		3DF21FB3156F75340093A763 /* NILauncherButton.m in Sources */ = {isa = PBXBuildFile; fileRef = 3DF21FAB156F75340093A763 /* NILauncherButton.m */; settings = {COMPILER_FLAGS = "-fno-objc-arc"; }; };
		3DF21FB4156F75340093A763 /* NILauncherItemDetails.m in Sources */ = {isa = PBXBuildFile; fileRef = 3DF21FAC156F75340093A763 /* NILauncherItemDetails.m */; settings = {COMPILER_FLAGS = "-fno-objc-arc"; }; };
		3DF21FB5156F75340093A763 /* NILauncherView.m in Sources */ = {isa = PBXBuildFile; fileRef = 3DF21FAE156F75340093A763 /* NILauncherView.m */; settings = {COMPILER_FLAGS = "-fno-objc-arc"; }; };
		3DF21FB6156F75340093A763 /* NILauncherViewController.m in Sources */ = {isa = PBXBuildFile; fileRef = 3DF21FB0156F75340093A763 /* NILauncherViewController.m */; settings = {COMPILER_FLAGS = "-fno-objc-arc"; }; };
/* End PBXBuildFile section */

/* Begin PBXFileReference section */
		3D13DB7B15727A260024677D /* just_background.png */ = {isa = PBXFileReference; lastKnownFileType = image.png; path = just_background.png; sourceTree = "<group>"; };
		3D13DB7C15727A260024677D /* just_background@2x.png */ = {isa = PBXFileReference; lastKnownFileType = image.png; path = "just_background@2x.png"; sourceTree = "<group>"; };
		3D1AC063157E3F3F001C7AFA /* PAWActivityView.h */ = {isa = PBXFileReference; fileEncoding = 4; lastKnownFileType = sourcecode.c.h; path = PAWActivityView.h; sourceTree = "<group>"; };
		3D1AC064157E3F3F001C7AFA /* PAWActivityView.m */ = {isa = PBXFileReference; fileEncoding = 4; lastKnownFileType = sourcecode.c.objc; path = PAWActivityView.m; sourceTree = "<group>"; };
		3D1AC065157E3F3F001C7AFA /* PAWCircleView.h */ = {isa = PBXFileReference; fileEncoding = 4; lastKnownFileType = sourcecode.c.h; path = PAWCircleView.h; sourceTree = "<group>"; };
		3D1AC066157E3F3F001C7AFA /* PAWCircleView.m */ = {isa = PBXFileReference; fileEncoding = 4; lastKnownFileType = sourcecode.c.objc; path = PAWCircleView.m; sourceTree = "<group>"; };
		3D1AC067157E3F3F001C7AFA /* PAWPost.h */ = {isa = PBXFileReference; fileEncoding = 4; lastKnownFileType = sourcecode.c.h; path = PAWPost.h; sourceTree = "<group>"; };
		3D1AC068157E3F3F001C7AFA /* PAWPost.m */ = {isa = PBXFileReference; fileEncoding = 4; lastKnownFileType = sourcecode.c.objc; path = PAWPost.m; sourceTree = "<group>"; };
		3D1AC069157E3F3F001C7AFA /* PAWSearchRadius.h */ = {isa = PBXFileReference; fileEncoding = 4; lastKnownFileType = sourcecode.c.h; path = PAWSearchRadius.h; sourceTree = "<group>"; };
		3D1AC06A157E3F3F001C7AFA /* PAWSearchRadius.m */ = {isa = PBXFileReference; fileEncoding = 4; lastKnownFileType = sourcecode.c.objc; path = PAWSearchRadius.m; sourceTree = "<group>"; };
		3D1AC06B157E3F3F001C7AFA /* PAWWallPostCreateViewController.h */ = {isa = PBXFileReference; fileEncoding = 4; lastKnownFileType = sourcecode.c.h; path = PAWWallPostCreateViewController.h; sourceTree = "<group>"; };
		3D1AC06C157E3F3F001C7AFA /* PAWWallPostCreateViewController.m */ = {isa = PBXFileReference; fileEncoding = 4; lastKnownFileType = sourcecode.c.objc; path = PAWWallPostCreateViewController.m; sourceTree = "<group>"; };
		3D1AC06D157E3F3F001C7AFA /* PAWWallPostCreateViewController.xib */ = {isa = PBXFileReference; fileEncoding = 4; lastKnownFileType = file.xib; path = PAWWallPostCreateViewController.xib; sourceTree = "<group>"; };
		3D1AC06E157E3F3F001C7AFA /* PAWWallPostsTableViewController.h */ = {isa = PBXFileReference; fileEncoding = 4; lastKnownFileType = sourcecode.c.h; path = PAWWallPostsTableViewController.h; sourceTree = "<group>"; };
		3D1AC06F157E3F3F001C7AFA /* PAWWallPostsTableViewController.m */ = {isa = PBXFileReference; fileEncoding = 4; lastKnownFileType = sourcecode.c.objc; path = PAWWallPostsTableViewController.m; sourceTree = "<group>"; };
		3D1AC070157E3F3F001C7AFA /* PAWWallViewController.h */ = {isa = PBXFileReference; fileEncoding = 4; lastKnownFileType = sourcecode.c.h; path = PAWWallViewController.h; sourceTree = "<group>"; };
		3D1AC071157E3F3F001C7AFA /* PAWWallViewController.m */ = {isa = PBXFileReference; fileEncoding = 4; lastKnownFileType = sourcecode.c.objc; path = PAWWallViewController.m; sourceTree = "<group>"; };
		3D1AC072157E3F3F001C7AFA /* PAWWallViewController.xib */ = {isa = PBXFileReference; fileEncoding = 4; lastKnownFileType = file.xib; path = PAWWallViewController.xib; sourceTree = "<group>"; };
		3D1AC07C157E42F3001C7AFA /* PAWSettingsViewController.h */ = {isa = PBXFileReference; fileEncoding = 4; lastKnownFileType = sourcecode.c.h; path = PAWSettingsViewController.h; sourceTree = "<group>"; };
		3D1AC07D157E42F3001C7AFA /* PAWSettingsViewController.m */ = {isa = PBXFileReference; fileEncoding = 4; lastKnownFileType = sourcecode.c.objc; path = PAWSettingsViewController.m; sourceTree = "<group>"; };
		3D1AC07E157E42F4001C7AFA /* PAWSettingsViewController.xib */ = {isa = PBXFileReference; fileEncoding = 4; lastKnownFileType = file.xib; path = PAWSettingsViewController.xib; sourceTree = "<group>"; };
		3D7FF8C5156FC88400AC87E5 /* CoreLocation.framework */ = {isa = PBXFileReference; lastKnownFileType = wrapper.framework; name = CoreLocation.framework; path = System/Library/Frameworks/CoreLocation.framework; sourceTree = SDKROOT; };
		3D7FF8C7156FC89800AC87E5 /* MapKit.framework */ = {isa = PBXFileReference; lastKnownFileType = wrapper.framework; name = MapKit.framework; path = System/Library/Frameworks/MapKit.framework; sourceTree = SDKROOT; };
		3DB8DE8F156F7AD6007CA7E6 /* Messages.png */ = {isa = PBXFileReference; lastKnownFileType = image.png; path = Messages.png; sourceTree = "<group>"; };
		3DB8DE92156F8839007CA7E6 /* Appirater.h */ = {isa = PBXFileReference; fileEncoding = 4; lastKnownFileType = sourcecode.c.h; path = Appirater.h; sourceTree = "<group>"; };
		3DB8DE93156F8839007CA7E6 /* Appirater.m */ = {isa = PBXFileReference; fileEncoding = 4; lastKnownFileType = sourcecode.c.objc; path = Appirater.m; sourceTree = "<group>"; };
		3DF21EB0156EC8600093A763 /* SocialTeam.app */ = {isa = PBXFileReference; explicitFileType = wrapper.application; includeInIndex = 0; path = SocialTeam.app; sourceTree = BUILT_PRODUCTS_DIR; };
		3DF21EB4156EC8600093A763 /* UIKit.framework */ = {isa = PBXFileReference; lastKnownFileType = wrapper.framework; name = UIKit.framework; path = System/Library/Frameworks/UIKit.framework; sourceTree = SDKROOT; };
		3DF21EB6156EC8600093A763 /* Foundation.framework */ = {isa = PBXFileReference; lastKnownFileType = wrapper.framework; name = Foundation.framework; path = System/Library/Frameworks/Foundation.framework; sourceTree = SDKROOT; };
		3DF21EB8156EC8600093A763 /* CoreGraphics.framework */ = {isa = PBXFileReference; lastKnownFileType = wrapper.framework; name = CoreGraphics.framework; path = System/Library/Frameworks/CoreGraphics.framework; sourceTree = SDKROOT; };
		3DF21EBC156EC8600093A763 /* SocialTeam-Info.plist */ = {isa = PBXFileReference; lastKnownFileType = text.plist.xml; path = "SocialTeam-Info.plist"; sourceTree = "<group>"; };
		3DF21EBE156EC8600093A763 /* en */ = {isa = PBXFileReference; lastKnownFileType = text.plist.strings; name = en; path = en.lproj/InfoPlist.strings; sourceTree = "<group>"; };
		3DF21EC0156EC8600093A763 /* main.m */ = {isa = PBXFileReference; lastKnownFileType = sourcecode.c.objc; path = main.m; sourceTree = "<group>"; };
		3DF21EC2156EC8600093A763 /* SocialTeam-Prefix.pch */ = {isa = PBXFileReference; lastKnownFileType = sourcecode.c.h; path = "SocialTeam-Prefix.pch"; sourceTree = "<group>"; };
		3DF21ED9156EC88B0093A763 /* Parse.framework */ = {isa = PBXFileReference; lastKnownFileType = wrapper.framework; path = Parse.framework; sourceTree = "<group>"; };
		3DF21EDB156EC89D0093A763 /* AudioToolbox.framework */ = {isa = PBXFileReference; lastKnownFileType = wrapper.framework; name = AudioToolbox.framework; path = System/Library/Frameworks/AudioToolbox.framework; sourceTree = SDKROOT; };
		3DF21EDD156EC8A50093A763 /* MobileCoreServices.framework */ = {isa = PBXFileReference; lastKnownFileType = wrapper.framework; name = MobileCoreServices.framework; path = System/Library/Frameworks/MobileCoreServices.framework; sourceTree = SDKROOT; };
		3DF21EDE156EC8A50093A763 /* Security.framework */ = {isa = PBXFileReference; lastKnownFileType = wrapper.framework; name = Security.framework; path = System/Library/Frameworks/Security.framework; sourceTree = SDKROOT; };
		3DF21EE1156EC8AB0093A763 /* SystemConfiguration.framework */ = {isa = PBXFileReference; lastKnownFileType = wrapper.framework; name = SystemConfiguration.framework; path = System/Library/Frameworks/SystemConfiguration.framework; sourceTree = SDKROOT; };
		3DF21EE3156EC8B30093A763 /* libz.1.1.3.dylib */ = {isa = PBXFileReference; lastKnownFileType = "compiled.mach-o.dylib"; name = libz.1.1.3.dylib; path = usr/lib/libz.1.1.3.dylib; sourceTree = SDKROOT; };
		3DF21EE5156EC8C20093A763 /* CFNetwork.framework */ = {isa = PBXFileReference; lastKnownFileType = wrapper.framework; name = CFNetwork.framework; path = System/Library/Frameworks/CFNetwork.framework; sourceTree = SDKROOT; };
		3DF21EE7156EC8CC0093A763 /* QuartzCore.framework */ = {isa = PBXFileReference; lastKnownFileType = wrapper.framework; name = QuartzCore.framework; path = System/Library/Frameworks/QuartzCore.framework; sourceTree = SDKROOT; };
		3DF21EEC156ECB790093A763 /* AppDelegate.h */ = {isa = PBXFileReference; fileEncoding = 4; lastKnownFileType = sourcecode.c.h; path = AppDelegate.h; sourceTree = "<group>"; };
		3DF21EED156ECB790093A763 /* AppDelegate.m */ = {isa = PBXFileReference; fileEncoding = 4; lastKnownFileType = sourcecode.c.objc; path = AppDelegate.m; sourceTree = "<group>"; };
		3DF21EFE156ED79A0093A763 /* LoginController.h */ = {isa = PBXFileReference; fileEncoding = 4; lastKnownFileType = sourcecode.c.h; path = LoginController.h; sourceTree = "<group>"; };
		3DF21EFF156ED79A0093A763 /* LoginController.m */ = {isa = PBXFileReference; fileEncoding = 4; lastKnownFileType = sourcecode.c.objc; path = LoginController.m; sourceTree = "<group>"; };
		3DF21F04156EE31D0093A763 /* aforismi@2x.png */ = {isa = PBXFileReference; lastKnownFileType = image.png; path = "aforismi@2x.png"; sourceTree = "<group>"; };
		3DF21F05156EE31D0093A763 /* berlusconi@2x.png */ = {isa = PBXFileReference; lastKnownFileType = image.png; path = "berlusconi@2x.png"; sourceTree = "<group>"; };
		3DF21F06156EE31D0093A763 /* BizQuote@2x.png */ = {isa = PBXFileReference; lastKnownFileType = image.png; path = "BizQuote@2x.png"; sourceTree = "<group>"; };
		3DF21F07156EE31D0093A763 /* bmi@2x.png */ = {isa = PBXFileReference; lastKnownFileType = image.png; path = "bmi@2x.png"; sourceTree = "<group>"; };
		3DF21F08156EE31D0093A763 /* Che@2x.png */ = {isa = PBXFileReference; lastKnownFileType = image.png; path = "Che@2x.png"; sourceTree = "<group>"; };
		3DF21F09156EE31D0093A763 /* einstein@2x.png */ = {isa = PBXFileReference; lastKnownFileType = image.png; path = "einstein@2x.png"; sourceTree = "<group>"; };
		3DF21F0A156EE31D0093A763 /* gandhi@2x.png */ = {isa = PBXFileReference; lastKnownFileType = image.png; path = "gandhi@2x.png"; sourceTree = "<group>"; };
		3DF21F0B156EE31D0093A763 /* Golf@2x.png */ = {isa = PBXFileReference; lastKnownFileType = image.png; path = "Golf@2x.png"; sourceTree = "<group>"; };
		3DF21F0C156EE31D0093A763 /* lincoln@2x.png */ = {isa = PBXFileReference; lastKnownFileType = image.png; path = "lincoln@2x.png"; sourceTree = "<group>"; };
		3DF21F0D156EE31D0093A763 /* morra@2x.png */ = {isa = PBXFileReference; lastKnownFileType = image.png; path = "morra@2x.png"; sourceTree = "<group>"; };
		3DF21F0E156EE31D0093A763 /* mourinho@2x.png */ = {isa = PBXFileReference; lastKnownFileType = image.png; path = "mourinho@2x.png"; sourceTree = "<group>"; };
		3DF21F0F156EE31D0093A763 /* Murphy@2x.png */ = {isa = PBXFileReference; lastKnownFileType = image.png; path = "Murphy@2x.png"; sourceTree = "<group>"; };
		3DF21F10156EE31D0093A763 /* obama@2x.png */ = {isa = PBXFileReference; lastKnownFileType = image.png; path = "obama@2x.png"; sourceTree = "<group>"; };
		3DF21F11156EE31D0093A763 /* washington@2x.png */ = {isa = PBXFileReference; lastKnownFileType = image.png; path = "washington@2x.png"; sourceTree = "<group>"; };
		3DF21F12156EE31D0093A763 /* wilde@2x.png */ = {isa = PBXFileReference; lastKnownFileType = image.png; path = "wilde@2x.png"; sourceTree = "<group>"; };
		3DF21F13156EE31D0093A763 /* woitila@2x.png */ = {isa = PBXFileReference; lastKnownFileType = image.png; path = "woitila@2x.png"; sourceTree = "<group>"; };
		3DF21F25156EE3290093A763 /* aforismi.png */ = {isa = PBXFileReference; lastKnownFileType = image.png; path = aforismi.png; sourceTree = "<group>"; };
		3DF21F26156EE3290093A763 /* berlusconi.png */ = {isa = PBXFileReference; lastKnownFileType = image.png; path = berlusconi.png; sourceTree = "<group>"; };
		3DF21F27156EE3290093A763 /* BizQuote.png */ = {isa = PBXFileReference; lastKnownFileType = image.png; path = BizQuote.png; sourceTree = "<group>"; };
		3DF21F28156EE3290093A763 /* bmi.png */ = {isa = PBXFileReference; lastKnownFileType = image.png; path = bmi.png; sourceTree = "<group>"; };
		3DF21F29156EE3290093A763 /* Che.png */ = {isa = PBXFileReference; lastKnownFileType = image.png; path = Che.png; sourceTree = "<group>"; };
		3DF21F2A156EE3290093A763 /* einstein.png */ = {isa = PBXFileReference; lastKnownFileType = image.png; path = einstein.png; sourceTree = "<group>"; };
		3DF21F2B156EE3290093A763 /* gandhi.png */ = {isa = PBXFileReference; lastKnownFileType = image.png; path = gandhi.png; sourceTree = "<group>"; };
		3DF21F2C156EE3290093A763 /* Golf.png */ = {isa = PBXFileReference; lastKnownFileType = image.png; path = Golf.png; sourceTree = "<group>"; };
		3DF21F2D156EE3290093A763 /* lincoln.png */ = {isa = PBXFileReference; lastKnownFileType = image.png; path = lincoln.png; sourceTree = "<group>"; };
		3DF21F2E156EE3290093A763 /* morra.png */ = {isa = PBXFileReference; lastKnownFileType = image.png; path = morra.png; sourceTree = "<group>"; };
		3DF21F2F156EE3290093A763 /* mourinho.png */ = {isa = PBXFileReference; lastKnownFileType = image.png; path = mourinho.png; sourceTree = "<group>"; };
		3DF21F30156EE3290093A763 /* Murphy.png */ = {isa = PBXFileReference; lastKnownFileType = image.png; path = Murphy.png; sourceTree = "<group>"; };
		3DF21F31156EE3290093A763 /* obama.png */ = {isa = PBXFileReference; lastKnownFileType = image.png; path = obama.png; sourceTree = "<group>"; };
		3DF21F32156EE3290093A763 /* paridispari.png */ = {isa = PBXFileReference; lastKnownFileType = image.png; path = paridispari.png; sourceTree = "<group>"; };
		3DF21F33156EE3290093A763 /* washington.png */ = {isa = PBXFileReference; lastKnownFileType = image.png; path = washington.png; sourceTree = "<group>"; };
		3DF21F34156EE3290093A763 /* wilde.png */ = {isa = PBXFileReference; lastKnownFileType = image.png; path = wilde.png; sourceTree = "<group>"; };
		3DF21F35156EE3290093A763 /* woitila.png */ = {isa = PBXFileReference; lastKnownFileType = image.png; path = woitila.png; sourceTree = "<group>"; };
		3DF21F57156EED780093A763 /* NIBlocks.h */ = {isa = PBXFileReference; fileEncoding = 4; lastKnownFileType = sourcecode.c.h; path = NIBlocks.h; sourceTree = "<group>"; };
		3DF21F58156EED780093A763 /* NICommonMetrics.h */ = {isa = PBXFileReference; fileEncoding = 4; lastKnownFileType = sourcecode.c.h; path = NICommonMetrics.h; sourceTree = "<group>"; };
		3DF21F59156EED780093A763 /* NICommonMetrics.m */ = {isa = PBXFileReference; fileEncoding = 4; lastKnownFileType = sourcecode.c.objc; path = NICommonMetrics.m; sourceTree = "<group>"; };
		3DF21F5A156EED780093A763 /* NIDataStructures.h */ = {isa = PBXFileReference; fileEncoding = 4; lastKnownFileType = sourcecode.c.h; path = NIDataStructures.h; sourceTree = "<group>"; };
		3DF21F5B156EED780093A763 /* NIDataStructures.m */ = {isa = PBXFileReference; fileEncoding = 4; lastKnownFileType = sourcecode.c.objc; path = NIDataStructures.m; sourceTree = "<group>"; };
		3DF21F5C156EED780093A763 /* NIDebuggingTools.h */ = {isa = PBXFileReference; fileEncoding = 4; lastKnownFileType = sourcecode.c.h; path = NIDebuggingTools.h; sourceTree = "<group>"; };
		3DF21F5D156EED780093A763 /* NIDebuggingTools.m */ = {isa = PBXFileReference; fileEncoding = 4; lastKnownFileType = sourcecode.c.objc; path = NIDebuggingTools.m; sourceTree = "<group>"; };
		3DF21F5E156EED780093A763 /* NIDeviceOrientation.h */ = {isa = PBXFileReference; fileEncoding = 4; lastKnownFileType = sourcecode.c.h; path = NIDeviceOrientation.h; sourceTree = "<group>"; };
		3DF21F5F156EED780093A763 /* NIDeviceOrientation.m */ = {isa = PBXFileReference; fileEncoding = 4; lastKnownFileType = sourcecode.c.objc; path = NIDeviceOrientation.m; sourceTree = "<group>"; };
		3DF21F60156EED780093A763 /* NIError.h */ = {isa = PBXFileReference; fileEncoding = 4; lastKnownFileType = sourcecode.c.h; path = NIError.h; sourceTree = "<group>"; };
		3DF21F61156EED780093A763 /* NIError.m */ = {isa = PBXFileReference; fileEncoding = 4; lastKnownFileType = sourcecode.c.objc; path = NIError.m; sourceTree = "<group>"; };
		3DF21F62156EED780093A763 /* NIFoundationMethods.h */ = {isa = PBXFileReference; fileEncoding = 4; lastKnownFileType = sourcecode.c.h; path = NIFoundationMethods.h; sourceTree = "<group>"; };
		3DF21F63156EED780093A763 /* NIFoundationMethods.m */ = {isa = PBXFileReference; fileEncoding = 4; lastKnownFileType = sourcecode.c.objc; path = NIFoundationMethods.m; sourceTree = "<group>"; };
		3DF21F64156EED780093A763 /* NIInMemoryCache.h */ = {isa = PBXFileReference; fileEncoding = 4; lastKnownFileType = sourcecode.c.h; path = NIInMemoryCache.h; sourceTree = "<group>"; };
		3DF21F65156EED780093A763 /* NIInMemoryCache.m */ = {isa = PBXFileReference; fileEncoding = 4; lastKnownFileType = sourcecode.c.objc; path = NIInMemoryCache.m; sourceTree = "<group>"; };
		3DF21F66156EED780093A763 /* NimbusCore.h */ = {isa = PBXFileReference; fileEncoding = 4; lastKnownFileType = sourcecode.c.h; path = NimbusCore.h; sourceTree = "<group>"; };
		3DF21F67156EED780093A763 /* NimbusCore+Additions.h */ = {isa = PBXFileReference; fileEncoding = 4; lastKnownFileType = sourcecode.c.h; path = "NimbusCore+Additions.h"; sourceTree = "<group>"; };
		3DF21F68156EED780093A763 /* NimbusCore+Namespace.h */ = {isa = PBXFileReference; fileEncoding = 4; lastKnownFileType = sourcecode.c.h; path = "NimbusCore+Namespace.h"; sourceTree = "<group>"; };
		3DF21F69156EED780093A763 /* NINavigationAppearance.h */ = {isa = PBXFileReference; fileEncoding = 4; lastKnownFileType = sourcecode.c.h; path = NINavigationAppearance.h; sourceTree = "<group>"; };
		3DF21F6A156EED780093A763 /* NINavigationAppearance.m */ = {isa = PBXFileReference; fileEncoding = 4; lastKnownFileType = sourcecode.c.objc; path = NINavigationAppearance.m; sourceTree = "<group>"; };
		3DF21F6B156EED780093A763 /* NINetworkActivity.h */ = {isa = PBXFileReference; fileEncoding = 4; lastKnownFileType = sourcecode.c.h; path = NINetworkActivity.h; sourceTree = "<group>"; };
		3DF21F6C156EED780093A763 /* NINetworkActivity.m */ = {isa = PBXFileReference; fileEncoding = 4; lastKnownFileType = sourcecode.c.objc; path = NINetworkActivity.m; sourceTree = "<group>"; };
		3DF21F6D156EED780093A763 /* NINonEmptyCollectionTesting.h */ = {isa = PBXFileReference; fileEncoding = 4; lastKnownFileType = sourcecode.c.h; path = NINonEmptyCollectionTesting.h; sourceTree = "<group>"; };
		3DF21F6E156EED780093A763 /* NINonEmptyCollectionTesting.m */ = {isa = PBXFileReference; fileEncoding = 4; lastKnownFileType = sourcecode.c.objc; path = NINonEmptyCollectionTesting.m; sourceTree = "<group>"; };
		3DF21F6F156EED780093A763 /* NINonRetainingCollections.h */ = {isa = PBXFileReference; fileEncoding = 4; lastKnownFileType = sourcecode.c.h; path = NINonRetainingCollections.h; sourceTree = "<group>"; };
		3DF21F70156EED780093A763 /* NINonRetainingCollections.m */ = {isa = PBXFileReference; fileEncoding = 4; lastKnownFileType = sourcecode.c.objc; path = NINonRetainingCollections.m; sourceTree = "<group>"; };
		3DF21F71156EED780093A763 /* NIOperations.h */ = {isa = PBXFileReference; fileEncoding = 4; lastKnownFileType = sourcecode.c.h; path = NIOperations.h; sourceTree = "<group>"; };
		3DF21F72156EED780093A763 /* NIOperations.m */ = {isa = PBXFileReference; fileEncoding = 4; lastKnownFileType = sourcecode.c.objc; path = NIOperations.m; sourceTree = "<group>"; };
		3DF21F73156EED780093A763 /* NIOperations+Subclassing.h */ = {isa = PBXFileReference; fileEncoding = 4; lastKnownFileType = sourcecode.c.h; path = "NIOperations+Subclassing.h"; sourceTree = "<group>"; };
		3DF21F74156EED780093A763 /* NIPaths.h */ = {isa = PBXFileReference; fileEncoding = 4; lastKnownFileType = sourcecode.c.h; path = NIPaths.h; sourceTree = "<group>"; };
		3DF21F75156EED780093A763 /* NIPaths.m */ = {isa = PBXFileReference; fileEncoding = 4; lastKnownFileType = sourcecode.c.objc; path = NIPaths.m; sourceTree = "<group>"; };
		3DF21F76156EED780093A763 /* NIPreprocessorMacros.h */ = {isa = PBXFileReference; fileEncoding = 4; lastKnownFileType = sourcecode.c.h; path = NIPreprocessorMacros.h; sourceTree = "<group>"; };
		3DF21F77156EED780093A763 /* NIRuntimeClassModifications.h */ = {isa = PBXFileReference; fileEncoding = 4; lastKnownFileType = sourcecode.c.h; path = NIRuntimeClassModifications.h; sourceTree = "<group>"; };
		3DF21F78156EED780093A763 /* NIRuntimeClassModifications.m */ = {isa = PBXFileReference; fileEncoding = 4; lastKnownFileType = sourcecode.c.objc; path = NIRuntimeClassModifications.m; sourceTree = "<group>"; };
		3DF21F79156EED780093A763 /* NISDKAvailability.h */ = {isa = PBXFileReference; fileEncoding = 4; lastKnownFileType = sourcecode.c.h; path = NISDKAvailability.h; sourceTree = "<group>"; };
		3DF21F7A156EED780093A763 /* NISDKAvailability.m */ = {isa = PBXFileReference; fileEncoding = 4; lastKnownFileType = sourcecode.c.objc; path = NISDKAvailability.m; sourceTree = "<group>"; };
		3DF21F7B156EED780093A763 /* NIState.h */ = {isa = PBXFileReference; fileEncoding = 4; lastKnownFileType = sourcecode.c.h; path = NIState.h; sourceTree = "<group>"; };
		3DF21F7C156EED780093A763 /* NIState.m */ = {isa = PBXFileReference; fileEncoding = 4; lastKnownFileType = sourcecode.c.objc; path = NIState.m; sourceTree = "<group>"; };
		3DF21F7D156EED780093A763 /* NIViewRecycler.h */ = {isa = PBXFileReference; fileEncoding = 4; lastKnownFileType = sourcecode.c.h; path = NIViewRecycler.h; sourceTree = "<group>"; };
		3DF21F7E156EED780093A763 /* NIViewRecycler.m */ = {isa = PBXFileReference; fileEncoding = 4; lastKnownFileType = sourcecode.c.objc; path = NIViewRecycler.m; sourceTree = "<group>"; };
		3DF21F7F156EED780093A763 /* NSData+NimbusCore.h */ = {isa = PBXFileReference; fileEncoding = 4; lastKnownFileType = sourcecode.c.h; path = "NSData+NimbusCore.h"; sourceTree = "<group>"; };
		3DF21F80156EED780093A763 /* NSData+NimbusCore.m */ = {isa = PBXFileReference; fileEncoding = 4; lastKnownFileType = sourcecode.c.objc; path = "NSData+NimbusCore.m"; sourceTree = "<group>"; };
		3DF21F81156EED780093A763 /* NSString+NimbusCore.h */ = {isa = PBXFileReference; fileEncoding = 4; lastKnownFileType = sourcecode.c.h; path = "NSString+NimbusCore.h"; sourceTree = "<group>"; };
		3DF21F82156EED780093A763 /* NSString+NimbusCore.m */ = {isa = PBXFileReference; fileEncoding = 4; lastKnownFileType = sourcecode.c.objc; path = "NSString+NimbusCore.m"; sourceTree = "<group>"; };
		3DF21F83156EED780093A763 /* UIView+NimbusCore.h */ = {isa = PBXFileReference; fileEncoding = 4; lastKnownFileType = sourcecode.c.h; path = "UIView+NimbusCore.h"; sourceTree = "<group>"; };
		3DF21F84156EED780093A763 /* UIView+NimbusCore.m */ = {isa = PBXFileReference; fileEncoding = 4; lastKnownFileType = sourcecode.c.objc; path = "UIView+NimbusCore.m"; sourceTree = "<group>"; };
		3DF21FA2156F6D040093A763 /* CaricaDati.h */ = {isa = PBXFileReference; lastKnownFileType = sourcecode.c.h; path = CaricaDati.h; sourceTree = "<group>"; };
		3DF21FA3156F6D040093A763 /* CaricaDati.m */ = {isa = PBXFileReference; lastKnownFileType = sourcecode.c.objc; path = CaricaDati.m; sourceTree = "<group>"; };
		3DF21FA4156F6DBE0093A763 /* dati.plist */ = {isa = PBXFileReference; fileEncoding = 4; lastKnownFileType = text.plist.xml; path = dati.plist; sourceTree = "<group>"; };
		3DF21FAB156F75340093A763 /* NILauncherButton.m */ = {isa = PBXFileReference; fileEncoding = 4; lastKnownFileType = sourcecode.c.objc; path = NILauncherButton.m; sourceTree = "<group>"; };
		3DF21FAC156F75340093A763 /* NILauncherItemDetails.m */ = {isa = PBXFileReference; fileEncoding = 4; lastKnownFileType = sourcecode.c.objc; path = NILauncherItemDetails.m; sourceTree = "<group>"; };
		3DF21FAD156F75340093A763 /* NILauncherView.h */ = {isa = PBXFileReference; fileEncoding = 4; lastKnownFileType = sourcecode.c.h; path = NILauncherView.h; sourceTree = "<group>"; };
		3DF21FAE156F75340093A763 /* NILauncherView.m */ = {isa = PBXFileReference; fileEncoding = 4; lastKnownFileType = sourcecode.c.objc; path = NILauncherView.m; sourceTree = "<group>"; };
		3DF21FAF156F75340093A763 /* NILauncherViewController.h */ = {isa = PBXFileReference; fileEncoding = 4; lastKnownFileType = sourcecode.c.h; path = NILauncherViewController.h; sourceTree = "<group>"; };
		3DF21FB0156F75340093A763 /* NILauncherViewController.m */ = {isa = PBXFileReference; fileEncoding = 4; lastKnownFileType = sourcecode.c.objc; path = NILauncherViewController.m; sourceTree = "<group>"; };
		3DF21FB1156F75340093A763 /* NimbusLauncher.h */ = {isa = PBXFileReference; fileEncoding = 4; lastKnownFileType = sourcecode.c.h; path = NimbusLauncher.h; sourceTree = "<group>"; };
		3DF21FB2156F75340093A763 /* NimbusLauncher+Namespace.h */ = {isa = PBXFileReference; fileEncoding = 4; lastKnownFileType = sourcecode.c.h; path = "NimbusLauncher+Namespace.h"; sourceTree = "<group>"; };
/* End PBXFileReference section */

/* Begin PBXFrameworksBuildPhase section */
		3DF21EAD156EC8600093A763 /* Frameworks */ = {
			isa = PBXFrameworksBuildPhase;
			buildActionMask = 2147483647;
			files = (
				3D9E685E157F61BB00B0AD33 /* Foundation.framework in Frameworks */,
				3D7FF8C8156FC89800AC87E5 /* MapKit.framework in Frameworks */,
				3D7FF8C6156FC88400AC87E5 /* CoreLocation.framework in Frameworks */,
				3DF21EE8156EC8CC0093A763 /* QuartzCore.framework in Frameworks */,
				3DF21EE6156EC8C20093A763 /* CFNetwork.framework in Frameworks */,
				3DF21EE4156EC8B30093A763 /* libz.1.1.3.dylib in Frameworks */,
				3DF21EE2156EC8AB0093A763 /* SystemConfiguration.framework in Frameworks */,
				3DF21EDF156EC8A50093A763 /* MobileCoreServices.framework in Frameworks */,
				3DF21EE0156EC8A50093A763 /* Security.framework in Frameworks */,
				3DF21EDC156EC89D0093A763 /* AudioToolbox.framework in Frameworks */,
				3DF21EB5156EC8600093A763 /* UIKit.framework in Frameworks */,
				3DF21EB9156EC8600093A763 /* CoreGraphics.framework in Frameworks */,
				3DF21EDA156EC88B0093A763 /* Parse.framework in Frameworks */,
			);
			runOnlyForDeploymentPostprocessing = 0;
		};
/* End PBXFrameworksBuildPhase section */

/* Begin PBXGroup section */
		3D13DB7A157279950024677D /* Wall */ = {
			isa = PBXGroup;
			children = (
				3D13DB7B15727A260024677D /* just_background.png */,
				3D13DB7C15727A260024677D /* just_background@2x.png */,
			);
			name = Wall;
			sourceTree = "<group>";
		};
		3D1AC062157E3EDA001C7AFA /* Wall */ = {
			isa = PBXGroup;
			children = (
				3D1AC07C157E42F3001C7AFA /* PAWSettingsViewController.h */,
				3D1AC07D157E42F3001C7AFA /* PAWSettingsViewController.m */,
				3D1AC07E157E42F4001C7AFA /* PAWSettingsViewController.xib */,
				3D1AC063157E3F3F001C7AFA /* PAWActivityView.h */,
				3D1AC064157E3F3F001C7AFA /* PAWActivityView.m */,
				3D1AC065157E3F3F001C7AFA /* PAWCircleView.h */,
				3D1AC066157E3F3F001C7AFA /* PAWCircleView.m */,
				3D1AC067157E3F3F001C7AFA /* PAWPost.h */,
				3D1AC068157E3F3F001C7AFA /* PAWPost.m */,
				3D1AC069157E3F3F001C7AFA /* PAWSearchRadius.h */,
				3D1AC06A157E3F3F001C7AFA /* PAWSearchRadius.m */,
				3D1AC06B157E3F3F001C7AFA /* PAWWallPostCreateViewController.h */,
				3D1AC06C157E3F3F001C7AFA /* PAWWallPostCreateViewController.m */,
				3D1AC06D157E3F3F001C7AFA /* PAWWallPostCreateViewController.xib */,
				3D1AC06E157E3F3F001C7AFA /* PAWWallPostsTableViewController.h */,
				3D1AC06F157E3F3F001C7AFA /* PAWWallPostsTableViewController.m */,
				3D1AC070157E3F3F001C7AFA /* PAWWallViewController.h */,
				3D1AC071157E3F3F001C7AFA /* PAWWallViewController.m */,
				3D1AC072157E3F3F001C7AFA /* PAWWallViewController.xib */,
			);
			name = Wall;
			sourceTree = "<group>";
		};
		3DB8DE8E156F7AA6007CA7E6 /* Launcher */ = {
			isa = PBXGroup;
			children = (
				3DB8DE8F156F7AD6007CA7E6 /* Messages.png */,
			);
			name = Launcher;
			sourceTree = "<group>";
		};
		3DB8DE91156F881C007CA7E6 /* Appirater */ = {
			isa = PBXGroup;
			children = (
				3DB8DE92156F8839007CA7E6 /* Appirater.h */,
				3DB8DE93156F8839007CA7E6 /* Appirater.m */,
			);
			name = Appirater;
			sourceTree = "<group>";
		};
		3DB8DE99156F8FAC007CA7E6 /* Login */ = {
			isa = PBXGroup;
			children = (
				3DF21EFE156ED79A0093A763 /* LoginController.h */,
				3DF21EFF156ED79A0093A763 /* LoginController.m */,
			);
			name = Login;
			sourceTree = "<group>";
		};
		3DF21EA5156EC8600093A763 = {
			isa = PBXGroup;
			children = (
				3DF21EBA156EC8600093A763 /* SocialTeam */,
				3DF21EB3156EC8600093A763 /* Frameworks */,
				3DF21EB1156EC8600093A763 /* Products */,
			);
			sourceTree = "<group>";
		};
		3DF21EB1156EC8600093A763 /* Products */ = {
			isa = PBXGroup;
			children = (
				3DF21EB0156EC8600093A763 /* SocialTeam.app */,
			);
			name = Products;
			sourceTree = "<group>";
		};
		3DF21EB3156EC8600093A763 /* Frameworks */ = {
			isa = PBXGroup;
			children = (
				3D7FF8C7156FC89800AC87E5 /* MapKit.framework */,
				3D7FF8C5156FC88400AC87E5 /* CoreLocation.framework */,
				3DF21EE7156EC8CC0093A763 /* QuartzCore.framework */,
				3DF21EE5156EC8C20093A763 /* CFNetwork.framework */,
				3DF21EE3156EC8B30093A763 /* libz.1.1.3.dylib */,
				3DF21EE1156EC8AB0093A763 /* SystemConfiguration.framework */,
				3DF21EDD156EC8A50093A763 /* MobileCoreServices.framework */,
				3DF21EDE156EC8A50093A763 /* Security.framework */,
				3DF21EDB156EC89D0093A763 /* AudioToolbox.framework */,
				3DF21ED9156EC88B0093A763 /* Parse.framework */,
				3DF21EB4156EC8600093A763 /* UIKit.framework */,
				3DF21EB6156EC8600093A763 /* Foundation.framework */,
				3DF21EB8156EC8600093A763 /* CoreGraphics.framework */,
			);
			name = Frameworks;
			sourceTree = "<group>";
		};
		3DF21EBA156EC8600093A763 /* SocialTeam */ = {
			isa = PBXGroup;
			children = (
				3DF21F55156EED230093A763 /* NimbusCore */,
				3DF21F02156EE2F50093A763 /* Immagini */,
				3DF21ED7156EC8690093A763 /* Delegate */,
				3DF21ED8156EC8770093A763 /* VC-XIB */,
				3DF21EBB156EC8600093A763 /* Supporting Files */,
			);
			path = SocialTeam;
			sourceTree = "<group>";
		};
		3DF21EBB156EC8600093A763 /* Supporting Files */ = {
			isa = PBXGroup;
			children = (
				3DF21EBC156EC8600093A763 /* SocialTeam-Info.plist */,
				3DF21EBD156EC8600093A763 /* InfoPlist.strings */,
				3DF21EC0156EC8600093A763 /* main.m */,
				3DF21EC2156EC8600093A763 /* SocialTeam-Prefix.pch */,
			);
			name = "Supporting Files";
			sourceTree = "<group>";
		};
		3DF21ED7156EC8690093A763 /* Delegate */ = {
			isa = PBXGroup;
			children = (
				3DF21FA4156F6DBE0093A763 /* dati.plist */,
				3DF21FA2156F6D040093A763 /* CaricaDati.h */,
				3DF21FA3156F6D040093A763 /* CaricaDati.m */,
				3DF21EEC156ECB790093A763 /* AppDelegate.h */,
				3DF21EED156ECB790093A763 /* AppDelegate.m */,
			);
			name = Delegate;
			sourceTree = "<group>";
		};
		3DF21ED8156EC8770093A763 /* VC-XIB */ = {
			isa = PBXGroup;
			children = (
				3D1AC062157E3EDA001C7AFA /* Wall */,
				3DB8DE91156F881C007CA7E6 /* Appirater */,
				3DF21F99156F6A160093A763 /* Launcher */,
				3DB8DE99156F8FAC007CA7E6 /* Login */,
			);
			name = "VC-XIB";
			sourceTree = "<group>";
		};
		3DF21F02156EE2F50093A763 /* Immagini */ = {
			isa = PBXGroup;
			children = (
				3D13DB7A157279950024677D /* Wall */,
				3DB8DE8E156F7AA6007CA7E6 /* Launcher */,
				3DF21F48156EE3710093A763 /* Login */,
				3DF21F47156EE3370093A763 /* AltreApp */,
			);
			name = Immagini;
			sourceTree = "<group>";
		};
		3DF21F03156EE31D0093A763 /* retina */ = {
			isa = PBXGroup;
			children = (
				3DF21F04156EE31D0093A763 /* aforismi@2x.png */,
				3DF21F05156EE31D0093A763 /* berlusconi@2x.png */,
				3DF21F06156EE31D0093A763 /* BizQuote@2x.png */,
				3DF21F07156EE31D0093A763 /* bmi@2x.png */,
				3DF21F08156EE31D0093A763 /* Che@2x.png */,
				3DF21F09156EE31D0093A763 /* einstein@2x.png */,
				3DF21F0A156EE31D0093A763 /* gandhi@2x.png */,
				3DF21F0B156EE31D0093A763 /* Golf@2x.png */,
				3DF21F0C156EE31D0093A763 /* lincoln@2x.png */,
				3DF21F0D156EE31D0093A763 /* morra@2x.png */,
				3DF21F0E156EE31D0093A763 /* mourinho@2x.png */,
				3DF21F0F156EE31D0093A763 /* Murphy@2x.png */,
				3DF21F10156EE31D0093A763 /* obama@2x.png */,
				3DF21F11156EE31D0093A763 /* washington@2x.png */,
				3DF21F12156EE31D0093A763 /* wilde@2x.png */,
				3DF21F13156EE31D0093A763 /* woitila@2x.png */,
			);
			path = retina;
			sourceTree = "<group>";
		};
		3DF21F24156EE3290093A763 /* non_retina */ = {
			isa = PBXGroup;
			children = (
				3DF21F25156EE3290093A763 /* aforismi.png */,
				3DF21F26156EE3290093A763 /* berlusconi.png */,
				3DF21F27156EE3290093A763 /* BizQuote.png */,
				3DF21F28156EE3290093A763 /* bmi.png */,
				3DF21F29156EE3290093A763 /* Che.png */,
				3DF21F2A156EE3290093A763 /* einstein.png */,
				3DF21F2B156EE3290093A763 /* gandhi.png */,
				3DF21F2C156EE3290093A763 /* Golf.png */,
				3DF21F2D156EE3290093A763 /* lincoln.png */,
				3DF21F2E156EE3290093A763 /* morra.png */,
				3DF21F2F156EE3290093A763 /* mourinho.png */,
				3DF21F30156EE3290093A763 /* Murphy.png */,
				3DF21F31156EE3290093A763 /* obama.png */,
				3DF21F32156EE3290093A763 /* paridispari.png */,
				3DF21F33156EE3290093A763 /* washington.png */,
				3DF21F34156EE3290093A763 /* wilde.png */,
				3DF21F35156EE3290093A763 /* woitila.png */,
			);
			path = non_retina;
			sourceTree = "<group>";
		};
		3DF21F47156EE3370093A763 /* AltreApp */ = {
			isa = PBXGroup;
			children = (
				3DF21F24156EE3290093A763 /* non_retina */,
				3DF21F03156EE31D0093A763 /* retina */,
			);
			name = AltreApp;
			sourceTree = "<group>";
		};
		3DF21F48156EE3710093A763 /* Login */ = {
			isa = PBXGroup;
			children = (
			);
			name = Login;
			sourceTree = "<group>";
		};
		3DF21F55156EED230093A763 /* NimbusCore */ = {
			isa = PBXGroup;
			children = (
				3DF21F57156EED780093A763 /* NIBlocks.h */,
				3DF21F58156EED780093A763 /* NICommonMetrics.h */,
				3DF21F59156EED780093A763 /* NICommonMetrics.m */,
				3DF21F5A156EED780093A763 /* NIDataStructures.h */,
				3DF21F5B156EED780093A763 /* NIDataStructures.m */,
				3DF21F5C156EED780093A763 /* NIDebuggingTools.h */,
				3DF21F5D156EED780093A763 /* NIDebuggingTools.m */,
				3DF21F5E156EED780093A763 /* NIDeviceOrientation.h */,
				3DF21F5F156EED780093A763 /* NIDeviceOrientation.m */,
				3DF21F60156EED780093A763 /* NIError.h */,
				3DF21F61156EED780093A763 /* NIError.m */,
				3DF21F62156EED780093A763 /* NIFoundationMethods.h */,
				3DF21F63156EED780093A763 /* NIFoundationMethods.m */,
				3DF21F64156EED780093A763 /* NIInMemoryCache.h */,
				3DF21F65156EED780093A763 /* NIInMemoryCache.m */,
				3DF21F66156EED780093A763 /* NimbusCore.h */,
				3DF21F67156EED780093A763 /* NimbusCore+Additions.h */,
				3DF21F68156EED780093A763 /* NimbusCore+Namespace.h */,
				3DF21F69156EED780093A763 /* NINavigationAppearance.h */,
				3DF21F6A156EED780093A763 /* NINavigationAppearance.m */,
				3DF21F6B156EED780093A763 /* NINetworkActivity.h */,
				3DF21F6C156EED780093A763 /* NINetworkActivity.m */,
				3DF21F6D156EED780093A763 /* NINonEmptyCollectionTesting.h */,
				3DF21F6E156EED780093A763 /* NINonEmptyCollectionTesting.m */,
				3DF21F6F156EED780093A763 /* NINonRetainingCollections.h */,
				3DF21F70156EED780093A763 /* NINonRetainingCollections.m */,
				3DF21F71156EED780093A763 /* NIOperations.h */,
				3DF21F72156EED780093A763 /* NIOperations.m */,
				3DF21F73156EED780093A763 /* NIOperations+Subclassing.h */,
				3DF21F74156EED780093A763 /* NIPaths.h */,
				3DF21F75156EED780093A763 /* NIPaths.m */,
				3DF21F76156EED780093A763 /* NIPreprocessorMacros.h */,
				3DF21F77156EED780093A763 /* NIRuntimeClassModifications.h */,
				3DF21F78156EED780093A763 /* NIRuntimeClassModifications.m */,
				3DF21F79156EED780093A763 /* NISDKAvailability.h */,
				3DF21F7A156EED780093A763 /* NISDKAvailability.m */,
				3DF21F7B156EED780093A763 /* NIState.h */,
				3DF21F7C156EED780093A763 /* NIState.m */,
				3DF21F7D156EED780093A763 /* NIViewRecycler.h */,
				3DF21F7E156EED780093A763 /* NIViewRecycler.m */,
				3DF21F7F156EED780093A763 /* NSData+NimbusCore.h */,
				3DF21F80156EED780093A763 /* NSData+NimbusCore.m */,
				3DF21F81156EED780093A763 /* NSString+NimbusCore.h */,
				3DF21F82156EED780093A763 /* NSString+NimbusCore.m */,
				3DF21F83156EED780093A763 /* UIView+NimbusCore.h */,
				3DF21F84156EED780093A763 /* UIView+NimbusCore.m */,
			);
			name = NimbusCore;
			sourceTree = "<group>";
		};
		3DF21F99156F6A160093A763 /* Launcher */ = {
			isa = PBXGroup;
			children = (
				3DF21FAB156F75340093A763 /* NILauncherButton.m */,
				3DF21FAC156F75340093A763 /* NILauncherItemDetails.m */,
				3DF21FAD156F75340093A763 /* NILauncherView.h */,
				3DF21FAE156F75340093A763 /* NILauncherView.m */,
				3DF21FAF156F75340093A763 /* NILauncherViewController.h */,
				3DF21FB0156F75340093A763 /* NILauncherViewController.m */,
				3DF21FB1156F75340093A763 /* NimbusLauncher.h */,
				3DF21FB2156F75340093A763 /* NimbusLauncher+Namespace.h */,
			);
			name = Launcher;
			sourceTree = "<group>";
		};
/* End PBXGroup section */

/* Begin PBXNativeTarget section */
		3DF21EAF156EC8600093A763 /* SocialTeam */ = {
			isa = PBXNativeTarget;
			buildConfigurationList = 3DF21ED4156EC8600093A763 /* Build configuration list for PBXNativeTarget "SocialTeam" */;
			buildPhases = (
				3DF21EAC156EC8600093A763 /* Sources */,
				3DF21EAD156EC8600093A763 /* Frameworks */,
				3DF21EAE156EC8600093A763 /* Resources */,
			);
			buildRules = (
			);
			dependencies = (
			);
			name = SocialTeam;
			productName = SocialTeam;
			productReference = 3DF21EB0156EC8600093A763 /* SocialTeam.app */;
			productType = "com.apple.product-type.application";
		};
/* End PBXNativeTarget section */

/* Begin PBXProject section */
		3DF21EA7156EC8600093A763 /* Project object */ = {
			isa = PBXProject;
			attributes = {
				LastUpgradeCheck = 0430;
			};
			buildConfigurationList = 3DF21EAA156EC8600093A763 /* Build configuration list for PBXProject "SocialTeam" */;
			compatibilityVersion = "Xcode 3.2";
			developmentRegion = English;
			hasScannedForEncodings = 0;
			knownRegions = (
				en,
			);
			mainGroup = 3DF21EA5156EC8600093A763;
			productRefGroup = 3DF21EB1156EC8600093A763 /* Products */;
			projectDirPath = "";
			projectRoot = "";
			targets = (
				3DF21EAF156EC8600093A763 /* SocialTeam */,
			);
		};
/* End PBXProject section */

/* Begin PBXResourcesBuildPhase section */
		3DF21EAE156EC8600093A763 /* Resources */ = {
			isa = PBXResourcesBuildPhase;
			buildActionMask = 2147483647;
			files = (
				3DF21EBF156EC8600093A763 /* InfoPlist.strings in Resources */,
				3DF21F14156EE31D0093A763 /* aforismi@2x.png in Resources */,
				3DF21F15156EE31D0093A763 /* berlusconi@2x.png in Resources */,
				3DF21F16156EE31D0093A763 /* BizQuote@2x.png in Resources */,
				3DF21F17156EE31D0093A763 /* bmi@2x.png in Resources */,
				3DF21F18156EE31D0093A763 /* Che@2x.png in Resources */,
				3DF21F19156EE31D0093A763 /* einstein@2x.png in Resources */,
				3DF21F1A156EE31D0093A763 /* gandhi@2x.png in Resources */,
				3DF21F1B156EE31D0093A763 /* Golf@2x.png in Resources */,
				3DF21F1C156EE31D0093A763 /* lincoln@2x.png in Resources */,
				3DF21F1D156EE31D0093A763 /* morra@2x.png in Resources */,
				3DF21F1E156EE31D0093A763 /* mourinho@2x.png in Resources */,
				3DF21F1F156EE31D0093A763 /* Murphy@2x.png in Resources */,
				3DF21F20156EE31D0093A763 /* obama@2x.png in Resources */,
				3DF21F21156EE31D0093A763 /* washington@2x.png in Resources */,
				3DF21F22156EE31D0093A763 /* wilde@2x.png in Resources */,
				3DF21F23156EE31D0093A763 /* woitila@2x.png in Resources */,
				3DF21F36156EE3290093A763 /* aforismi.png in Resources */,
				3DF21F37156EE3290093A763 /* berlusconi.png in Resources */,
				3DF21F38156EE3290093A763 /* BizQuote.png in Resources */,
				3DF21F39156EE3290093A763 /* bmi.png in Resources */,
				3DF21F3A156EE3290093A763 /* Che.png in Resources */,
				3DF21F3B156EE3290093A763 /* einstein.png in Resources */,
				3DF21F3C156EE3290093A763 /* gandhi.png in Resources */,
				3DF21F3D156EE3290093A763 /* Golf.png in Resources */,
				3DF21F3E156EE3290093A763 /* lincoln.png in Resources */,
				3DF21F3F156EE3290093A763 /* morra.png in Resources */,
				3DF21F40156EE3290093A763 /* mourinho.png in Resources */,
				3DF21F41156EE3290093A763 /* Murphy.png in Resources */,
				3DF21F42156EE3290093A763 /* obama.png in Resources */,
				3DF21F43156EE3290093A763 /* paridispari.png in Resources */,
				3DF21F44156EE3290093A763 /* washington.png in Resources */,
				3DF21F45156EE3290093A763 /* wilde.png in Resources */,
				3DF21F46156EE3290093A763 /* woitila.png in Resources */,
				3DF21FA5156F6DBE0093A763 /* dati.plist in Resources */,
				3DB8DE90156F7AD6007CA7E6 /* Messages.png in Resources */,
				3D13DB7D15727A260024677D /* just_background.png in Resources */,
				3D13DB7E15727A260024677D /* just_background@2x.png in Resources */,
				3D1AC078157E3F3F001C7AFA /* PAWWallPostCreateViewController.xib in Resources */,
				3D1AC07B157E3F3F001C7AFA /* PAWWallViewController.xib in Resources */,
				3D1AC080157E42F4001C7AFA /* PAWSettingsViewController.xib in Resources */,
			);
			runOnlyForDeploymentPostprocessing = 0;
		};
/* End PBXResourcesBuildPhase section */

/* Begin PBXSourcesBuildPhase section */
		3DF21EAC156EC8600093A763 /* Sources */ = {
			isa = PBXSourcesBuildPhase;
			buildActionMask = 2147483647;
			files = (
				3DF21FA6156F725E0093A763 /* CaricaDati.m in Sources */,
				3DF21EC1156EC8600093A763 /* main.m in Sources */,
				3DF21EEE156ECB790093A763 /* AppDelegate.m in Sources */,
				3DF21F00156ED79A0093A763 /* LoginController.m in Sources */,
				3DF21F85156EED780093A763 /* NICommonMetrics.m in Sources */,
				3DF21F86156EED780093A763 /* NIDataStructures.m in Sources */,
				3DF21F87156EED780093A763 /* NIDebuggingTools.m in Sources */,
				3DF21F88156EED780093A763 /* NIDeviceOrientation.m in Sources */,
				3DF21F89156EED780093A763 /* NIError.m in Sources */,
				3DF21F8A156EED780093A763 /* NIFoundationMethods.m in Sources */,
				3DF21F8B156EED780093A763 /* NIInMemoryCache.m in Sources */,
				3DF21F8C156EED780093A763 /* NINavigationAppearance.m in Sources */,
				3DF21F8D156EED780093A763 /* NINetworkActivity.m in Sources */,
				3DF21F8E156EED780093A763 /* NINonEmptyCollectionTesting.m in Sources */,
				3DF21F8F156EED780093A763 /* NINonRetainingCollections.m in Sources */,
				3DF21F90156EED780093A763 /* NIOperations.m in Sources */,
				3DF21F91156EED780093A763 /* NIPaths.m in Sources */,
				3DF21F92156EED780093A763 /* NIRuntimeClassModifications.m in Sources */,
				3DF21F93156EED780093A763 /* NISDKAvailability.m in Sources */,
				3DF21F94156EED780093A763 /* NIState.m in Sources */,
				3DF21F95156EED780093A763 /* NIViewRecycler.m in Sources */,
				3DF21F96156EED780093A763 /* NSData+NimbusCore.m in Sources */,
				3DF21F97156EED780093A763 /* NSString+NimbusCore.m in Sources */,
				3DF21F98156EED780093A763 /* UIView+NimbusCore.m in Sources */,
				3DF21FB3156F75340093A763 /* NILauncherButton.m in Sources */,
				3DF21FB4156F75340093A763 /* NILauncherItemDetails.m in Sources */,
				3DF21FB5156F75340093A763 /* NILauncherView.m in Sources */,
				3DF21FB6156F75340093A763 /* NILauncherViewController.m in Sources */,
				3DB8DE94156F8839007CA7E6 /* Appirater.m in Sources */,
				3D1AC073157E3F3F001C7AFA /* PAWActivityView.m in Sources */,
				3D1AC074157E3F3F001C7AFA /* PAWCircleView.m in Sources */,
				3D1AC075157E3F3F001C7AFA /* PAWPost.m in Sources */,
				3D1AC076157E3F3F001C7AFA /* PAWSearchRadius.m in Sources */,
				3D1AC077157E3F3F001C7AFA /* PAWWallPostCreateViewController.m in Sources */,
				3D1AC079157E3F3F001C7AFA /* PAWWallPostsTableViewController.m in Sources */,
				3D1AC07A157E3F3F001C7AFA /* PAWWallViewController.m in Sources */,
				3D1AC07F157E42F4001C7AFA /* PAWSettingsViewController.m in Sources */,
			);
			runOnlyForDeploymentPostprocessing = 0;
		};
/* End PBXSourcesBuildPhase section */

/* Begin PBXVariantGroup section */
		3DF21EBD156EC8600093A763 /* InfoPlist.strings */ = {
			isa = PBXVariantGroup;
			children = (
				3DF21EBE156EC8600093A763 /* en */,
			);
			name = InfoPlist.strings;
			sourceTree = "<group>";
		};
/* End PBXVariantGroup section */

/* Begin XCBuildConfiguration section */
		3DF21ED2156EC8600093A763 /* Debug */ = {
			isa = XCBuildConfiguration;
			buildSettings = {
				ALWAYS_SEARCH_USER_PATHS = NO;
				ARCHS = "$(ARCHS_STANDARD_32_BIT)";
				CLANG_ENABLE_OBJC_ARC = YES;
				"CODE_SIGN_IDENTITY[sdk=iphoneos*]" = "iPhone Developer";
				COPY_PHASE_STRIP = NO;
				GCC_C_LANGUAGE_STANDARD = gnu99;
				GCC_DYNAMIC_NO_PIC = NO;
				GCC_OPTIMIZATION_LEVEL = 0;
				GCC_PREPROCESSOR_DEFINITIONS = (
					"DEBUG=1",
					"$(inherited)",
				);
				GCC_SYMBOLS_PRIVATE_EXTERN = NO;
				GCC_VERSION = com.apple.compilers.llvm.clang.1_0;
				GCC_WARN_ABOUT_RETURN_TYPE = YES;
				GCC_WARN_UNINITIALIZED_AUTOS = YES;
				GCC_WARN_UNUSED_VARIABLE = YES;
				IPHONEOS_DEPLOYMENT_TARGET = 5.1;
				SDKROOT = iphoneos;
			};
			name = Debug;
		};
		3DF21ED3156EC8600093A763 /* Release */ = {
			isa = XCBuildConfiguration;
			buildSettings = {
				ALWAYS_SEARCH_USER_PATHS = NO;
				ARCHS = "$(ARCHS_STANDARD_32_BIT)";
				CLANG_ENABLE_OBJC_ARC = YES;
				"CODE_SIGN_IDENTITY[sdk=iphoneos*]" = "iPhone Developer";
				COPY_PHASE_STRIP = YES;
				GCC_C_LANGUAGE_STANDARD = gnu99;
				GCC_VERSION = com.apple.compilers.llvm.clang.1_0;
				GCC_WARN_ABOUT_RETURN_TYPE = YES;
				GCC_WARN_UNINITIALIZED_AUTOS = YES;
				GCC_WARN_UNUSED_VARIABLE = YES;
				IPHONEOS_DEPLOYMENT_TARGET = 5.1;
				OTHER_CFLAGS = "-DNS_BLOCK_ASSERTIONS=1";
				SDKROOT = iphoneos;
				VALIDATE_PRODUCT = YES;
			};
			name = Release;
		};
		3DF21ED5156EC8600093A763 /* Debug */ = {
			isa = XCBuildConfiguration;
			buildSettings = {
				FRAMEWORK_SEARCH_PATHS = (
					"$(inherited)",
					"\"$(SRCROOT)\"",
				);
				GCC_PRECOMPILE_PREFIX_HEADER = YES;
				GCC_PREFIX_HEADER = "SocialTeam/SocialTeam-Prefix.pch";
				INFOPLIST_FILE = "SocialTeam/SocialTeam-Info.plist";
				PRODUCT_NAME = "$(TARGET_NAME)";
				WRAPPER_EXTENSION = app;
			};
			name = Debug;
		};
		3DF21ED6156EC8600093A763 /* Release */ = {
			isa = XCBuildConfiguration;
			buildSettings = {
				FRAMEWORK_SEARCH_PATHS = (
					"$(inherited)",
					"\"$(SRCROOT)\"",
				);
				GCC_PRECOMPILE_PREFIX_HEADER = YES;
				GCC_PREFIX_HEADER = "SocialTeam/SocialTeam-Prefix.pch";
				INFOPLIST_FILE = "SocialTeam/SocialTeam-Info.plist";
				PRODUCT_NAME = "$(TARGET_NAME)";
				WRAPPER_EXTENSION = app;
			};
			name = Release;
		};
/* End XCBuildConfiguration section */

/* Begin XCConfigurationList section */
		3DF21EAA156EC8600093A763 /* Build configuration list for PBXProject "SocialTeam" */ = {
			isa = XCConfigurationList;
			buildConfigurations = (
				3DF21ED2156EC8600093A763 /* Debug */,
				3DF21ED3156EC8600093A763 /* Release */,
			);
			defaultConfigurationIsVisible = 0;
			defaultConfigurationName = Release;
		};
		3DF21ED4156EC8600093A763 /* Build configuration list for PBXNativeTarget "SocialTeam" */ = {
			isa = XCConfigurationList;
			buildConfigurations = (
				3DF21ED5156EC8600093A763 /* Debug */,
				3DF21ED6156EC8600093A763 /* Release */,
			);
			defaultConfigurationIsVisible = 0;
			defaultConfigurationName = Release;
		};
/* End XCConfigurationList section */
	};
	rootObject = 3DF21EA7156EC8600093A763 /* Project object */;
}
